
Microsoft Visual Studio Solution File, Format Version 12.00
# Visual Studio 15
VisualStudioVersion = 15.0.26730.10
MinimumVisualStudioVersion = 10.0.40219.1
Project("{FAE04EC0-301F-11D3-BF4B-00C04F79EFBC}") = "async-await-pattern", "async-await-pattern\async-await-pattern.csproj", "{63B968ED-B8B9-4A3B-A419-C65C30638547}"
EndProject
Project("{FAE04EC0-301F-11D3-BF4B-00C04F79EFBC}") = "ProcessTaskAsTheyComplete", "ProcessTaskAsTheyComplete\ProcessTaskAsTheyComplete.csproj", "{C4B8913C-8CD9-4D1D-969A-7BF793378A9A}"
EndProject
Project("{FAE04EC0-301F-11D3-BF4B-00C04F79EFBC}") = "HandlingExceptionFromAsyncMethod", "HandlingExceptionFromAsyncMethod\HandlingExceptionFromAsyncMethod.csproj", "{3758280F-911E-4EF7-9D80-7741308A70FC}"
EndProject
Global
	GlobalSection(SolutionConfigurationPlatforms) = preSolution
		Debug|Any CPU = Debug|Any CPU
		Release|Any CPU = Release|Any CPU
	EndGlobalSection
	GlobalSection(ProjectConfigurationPlatforms) = postSolution
		{63B968ED-B8B9-4A3B-A419-C65C30638547}.Debug|Any CPU.ActiveCfg = Debug|Any CPU
		{63B968ED-B8B9-4A3B-A419-C65C30638547}.Debug|Any CPU.Build.0 = Debug|Any CPU
		{63B968ED-B8B9-4A3B-A419-C65C30638547}.Release|Any CPU.ActiveCfg = Release|Any CPU
		{63B968ED-B8B9-4A3B-A419-C65C30638547}.Release|Any CPU.Build.0 = Release|Any CPU
		{C4B8913C-8CD9-4D1D-969A-7BF793378A9A}.Debug|Any CPU.ActiveCfg = Debug|Any CPU
		{C4B8913C-8CD9-4D1D-969A-7BF793378A9A}.Debug|Any CPU.Build.0 = Debug|Any CPU
		{C4B8913C-8CD9-4D1D-969A-7BF793378A9A}.Release|Any CPU.ActiveCfg = Release|Any CPU
		{C4B8913C-8CD9-4D1D-969A-7BF793378A9A}.Release|Any CPU.Build.0 = Release|Any CPU
		{3758280F-911E-4EF7-9D80-7741308A70FC}.Debug|Any CPU.ActiveCfg = Debug|Any CPU
		{3758280F-911E-4EF7-9D80-7741308A70FC}.Debug|Any CPU.Build.0 = Debug|Any CPU
		{3758280F-911E-4EF7-9D80-7741308A70FC}.Release|Any CPU.ActiveCfg = Release|Any CPU
		{3758280F-911E-4EF7-9D80-7741308A70FC}.Release|Any CPU.Build.0 = Release|Any CPU
	EndGlobalSection
	GlobalSection(SolutionProperties) = preSolution
		HideSolutionNode = FALSE
	EndGlobalSection
	GlobalSection(ExtensibilityGlobals) = postSolution
		SolutionGuid = {07CBF49B-F272-441F-9EB4-7BFCC43F0122}
	EndGlobalSection
EndGlobal
